
Microsoft Visual Studio Solution File, Format Version 12.00
# Visual Studio Version 16
VisualStudioVersion = 16.0.30804.86
MinimumVisualStudioVersion = 10.0.40219.1
Project("{FAE04EC0-301F-11D3-BF4B-00C04F79EFBC}") = "String-Decryptor", "String-Decryptor.csproj", "{98B0E241-E9CE-4347-9F03-8D28C5BADB4F}"
EndProject
Global
	GlobalSection(SolutionConfigurationPlatforms) = preSolution
		Debug|Any CPU = Debug|Any CPU
		Release|Any CPU = Release|Any CPU
	EndGlobalSection
	GlobalSection(ProjectConfigurationPlatforms) = postSolution
		{98B0E241-E9CE-4347-9F03-8D28C5BADB4F}.Debug|Any CPU.ActiveCfg = Debug|Any CPU
		{98B0E241-E9CE-4347-9F03-8D28C5BADB4F}.Debug|Any CPU.Build.0 = Debug|Any CPU
		{98B0E241-E9CE-4347-9F03-8D28C5BADB4F}.Release|Any CPU.ActiveCfg = Release|Any CPU
		{98B0E241-E9CE-4347-9F03-8D28C5BADB4F}.Release|Any CPU.Build.0 = Release|Any CPU
	EndGlobalSection
	GlobalSection(SolutionProperties) = preSolution
		HideSolutionNode = FALSE
	EndGlobalSection
	GlobalSection(ExtensibilityGlobals) = postSolution
		SolutionGuid = {1812D069-7B8F-41B3-904A-661DC5FB87BC}
	EndGlobalSection
EndGlobal
